// !$*UTF8*$!
{
	archiveVersion = 1;
	classes = {
	};
	objectVersion = 46;
	objects = {

/* Begin PBXBuildFile section */
		3752AD131CCA7108005BAEC0 /* main.m in Sources */ = {isa = PBXBuildFile; fileRef = 3752AD121CCA7108005BAEC0 /* main.m */; };
		3752AD161CCA7108005BAEC0 /* AppDelegate.m in Sources */ = {isa = PBXBuildFile; fileRef = 3752AD151CCA7108005BAEC0 /* AppDelegate.m */; };
		3752AD191CCA7108005BAEC0 /* ViewController.m in Sources */ = {isa = PBXBuildFile; fileRef = 3752AD181CCA7108005BAEC0 /* ViewController.m */; };
		3752AD1C1CCA7108005BAEC0 /* Main.storyboard in Resources */ = {isa = PBXBuildFile; fileRef = 3752AD1A1CCA7108005BAEC0 /* Main.storyboard */; };
		3752AD1E1CCA7108005BAEC0 /* Assets.xcassets in Resources */ = {isa = PBXBuildFile; fileRef = 3752AD1D1CCA7108005BAEC0 /* Assets.xcassets */; };
		3752AD211CCA7108005BAEC0 /* LaunchScreen.storyboard in Resources */ = {isa = PBXBuildFile; fileRef = 3752AD1F1CCA7108005BAEC0 /* LaunchScreen.storyboard */; };
/* End PBXBuildFile section */

/* Begin PBXFileReference section */
		3752AD0E1CCA7108005BAEC0 /* EasyEnglish.app */ = {isa = PBXFileReference; explicitFileType = wrapper.application; includeInIndex = 0; path = EasyEnglish.app; sourceTree = BUILT_PRODUCTS_DIR; };
		3752AD121CCA7108005BAEC0 /* main.m */ = {isa = PBXFileReference; lastKnownFileType = sourcecode.c.objc; path = main.m; sourceTree = "<group>"; };
		3752AD141CCA7108005BAEC0 /* AppDelegate.h */ = {isa = PBXFileReference; lastKnownFileType = sourcecode.c.h; path = AppDelegate.h; sourceTree = "<group>"; };
		3752AD151CCA7108005BAEC0 /* AppDelegate.m */ = {isa = PBXFileReference; lastKnownFileType = sourcecode.c.objc; path = AppDelegate.m; sourceTree = "<group>"; };
		3752AD171CCA7108005BAEC0 /* ViewController.h */ = {isa = PBXFileReference; lastKnownFileType = sourcecode.c.h; path = ViewController.h; sourceTree = "<group>"; };
		3752AD181CCA7108005BAEC0 /* ViewController.m */ = {isa = PBXFileReference; lastKnownFileType = sourcecode.c.objc; path = ViewController.m; sourceTree = "<group>"; };
		3752AD1B1CCA7108005BAEC0 /* Base */ = {isa = PBXFileReference; lastKnownFileType = file.storyboard; name = Base; path = Base.lproj/Main.storyboard; sourceTree = "<group>"; };
		3752AD1D1CCA7108005BAEC0 /* Assets.xcassets */ = {isa = PBXFileReference; lastKnownFileType = folder.assetcatalog; path = Assets.xcassets; sourceTree = "<group>"; };
		3752AD201CCA7108005BAEC0 /* Base */ = {isa = PBXFileReference; lastKnownFileType = file.storyboard; name = Base; path = Base.lproj/LaunchScreen.storyboard; sourceTree = "<group>"; };
		3752AD221CCA7108005BAEC0 /* Info.plist */ = {isa = PBXFileReference; lastKnownFileType = text.plist.xml; path = Info.plist; sourceTree = "<group>"; };
/* End PBXFileReference section */

/* Begin PBXFrameworksBuildPhase section */
		3752AD0B1CCA7108005BAEC0 /* Frameworks */ = {
			isa = PBXFrameworksBuildPhase;
			buildActionMask = 2147483647;
			files = (
			);
			runOnlyForDeploymentPostprocessing = 0;
		};
/* End PBXFrameworksBuildPhase section */

/* Begin PBXGroup section */
		3752AD051CCA7108005BAEC0 = {
			isa = PBXGroup;
			children = (
				3752AD101CCA7108005BAEC0 /* EasyEnglish */,
				3752AD0F1CCA7108005BAEC0 /* Products */,
			);
			sourceTree = "<group>";
		};
		3752AD0F1CCA7108005BAEC0 /* Products */ = {
			isa = PBXGroup;
			children = (
				3752AD0E1CCA7108005BAEC0 /* EasyEnglish.app */,
			);
			name = Products;
			sourceTree = "<group>";
		};
		3752AD101CCA7108005BAEC0 /* EasyEnglish */ = {
			isa = PBXGroup;
			children = (
				3752AD141CCA7108005BAEC0 /* AppDelegate.h */,
				3752AD151CCA7108005BAEC0 /* AppDelegate.m */,
				3752AD171CCA7108005BAEC0 /* ViewController.h */,
				3752AD181CCA7108005BAEC0 /* ViewController.m */,
				3752AD1A1CCA7108005BAEC0 /* Main.storyboard */,
				3752AD1D1CCA7108005BAEC0 /* Assets.xcassets */,
				3752AD1F1CCA7108005BAEC0 /* LaunchScreen.storyboard */,
				3752AD221CCA7108005BAEC0 /* Info.plist */,
				3752AD111CCA7108005BAEC0 /* Supporting Files */,
			);
			path = EasyEnglish;
			sourceTree = "<group>";
		};
		3752AD111CCA7108005BAEC0 /* Supporting Files */ = {
			isa = PBXGroup;
			children = (
				3752AD121CCA7108005BAEC0 /* main.m */,
			);
			name = "Supporting Files";
			sourceTree = "<group>";
		};
/* End PBXGroup section */

/* Begin PBXNativeTarget section */
		3752AD0D1CCA7108005BAEC0 /* EasyEnglish */ = {
			isa = PBXNativeTarget;
			buildConfigurationList = 3752AD251CCA7108005BAEC0 /* Build configuration list for PBXNativeTarget "EasyEnglish" */;
			buildPhases = (
				3752AD0A1CCA7108005BAEC0 /* Sources */,
				3752AD0B1CCA7108005BAEC0 /* Frameworks */,
				3752AD0C1CCA7108005BAEC0 /* Resources */,
			);
			buildRules = (
			);
			dependencies = (
			);
			name = EasyEnglish;
			productName = EasyEnglish;
			productReference = 3752AD0E1CCA7108005BAEC0 /* EasyEnglish.app */;
			productType = "com.apple.product-type.application";
		};
/* End PBXNativeTarget section */

/* Begin PBXProject section */
		3752AD061CCA7108005BAEC0 /* Project object */ = {
			isa = PBXProject;
			attributes = {
				LastUpgradeCheck = 0730;
				ORGANIZATIONNAME = OCA;
				TargetAttributes = {
					3752AD0D1CCA7108005BAEC0 = {
						CreatedOnToolsVersion = 7.3;
					};
				};
			};
			buildConfigurationList = 3752AD091CCA7108005BAEC0 /* Build configuration list for PBXProject "EasyEnglish" */;
			compatibilityVersion = "Xcode 3.2";
			developmentRegion = English;
			hasScannedForEncodings = 0;
			knownRegions = (
				en,
				Base,
			);
			mainGroup = 3752AD051CCA7108005BAEC0;
			productRefGroup = 3752AD0F1CCA7108005BAEC0 /* Products */;
			projectDirPath = "";
			projectRoot = "";
			targets = (
				3752AD0D1CCA7108005BAEC0 /* EasyEnglish */,
			);
		};
/* End PBXProject section */

/* Begin PBXResourcesBuildPhase section */
		3752AD0C1CCA7108005BAEC0 /* Resources */ = {
			isa = PBXResourcesBuildPhase;
			buildActionMask = 2147483647;
			files = (
				3752AD211CCA7108005BAEC0 /* LaunchScreen.storyboard in Resources */,
				3752AD1E1CCA7108005BAEC0 /* Assets.xcassets in Resources */,
				3752AD1C1CCA7108005BAEC0 /* Main.storyboard in Resources */,
			);
			runOnlyForDeploymentPostprocessing = 0;
		};
/* End PBXResourcesBuildPhase section */

/* Begin PBXSourcesBuildPhase section */
		3752AD0A1CCA7108005BAEC0 /* Sources */ = {
			isa = PBXSourcesBuildPhase;
			buildActionMask = 2147483647;
			files = (
				3752AD191CCA7108005BAEC0 /* ViewController.m in Sources */,
				3752AD161CCA7108005BAEC0 /* AppDelegate.m in Sources */,
				3752AD131CCA7108005BAEC0 /* main.m in Sources */,
			);
			runOnlyForDeploymentPostprocessing = 0;
		};
/* End PBXSourcesBuildPhase section */

/* Begin PBXVariantGroup section */
		3752AD1A1CCA7108005BAEC0 /* Main.storyboard */ = {
			isa = PBXVariantGroup;
			children = (
				3752AD1B1CCA7108005BAEC0 /* Base */,
			);
			name = Main.storyboard;
			sourceTree = "<group>";
		};
		3752AD1F1CCA7108005BAEC0 /* LaunchScreen.storyboard */ = {
			isa = PBXVariantGroup;
			children = (
				3752AD201CCA7108005BAEC0 /* Base */,
			);
			name = LaunchScreen.storyboard;
			sourceTree = "<group>";
		};
/* End PBXVariantGroup section */

/* Begin XCBuildConfiguration section */
		3752AD231CCA7108005BAEC0 /* Debug */ = {
			isa = XCBuildConfiguration;
			buildSettings = {
				ALWAYS_SEARCH_USER_PATHS = NO;
				CLANG_ANALYZER_NONNULL = YES;
				CLANG_CXX_LANGUAGE_STANDARD = "gnu++0x";
				CLANG_CXX_LIBRARY = "libc++";
				CLANG_ENABLE_MODULES = YES;
				CLANG_ENABLE_OBJC_ARC = YES;
				CLANG_WARN_BOOL_CONVERSION = YES;
				CLANG_WARN_CONSTANT_CONVERSION = YES;
				CLANG_WARN_DIRECT_OBJC_ISA_USAGE = YES_ERROR;
				CLANG_WARN_EMPTY_BODY = YES;
				CLANG_WARN_ENUM_CONVERSION = YES;
				CLANG_WARN_INT_CONVERSION = YES;
				CLANG_WARN_OBJC_ROOT_CLASS = YES_ERROR;
				CLANG_WARN_UNREACHABLE_CODE = YES;
				CLANG_WARN__DUPLICATE_METHOD_MATCH = YES;
				"CODE_SIGN_IDENTITY[sdk=iphoneos*]" = "iPhone Developer";
				COPY_PHASE_STRIP = NO;
				DEBUG_INFORMATION_FORMAT = dwarf;
				ENABLE_STRICT_OBJC_MSGSEND = YES;
				ENABLE_TESTABILITY = YES;
				GCC_C_LANGUAGE_STANDARD = gnu99;
				GCC_DYNAMIC_NO_PIC = NO;
				GCC_NO_COMMON_BLOCKS = YES;
				GCC_OPTIMIZATION_LEVEL = 0;
				GCC_PREPROCESSOR_DEFINITIONS = (
					"DEBUG=1",
					"$(inherited)",
				);
				GCC_WARN_64_TO_32_BIT_CONVERSION = YES;
				GCC_WARN_ABOUT_RETURN_TYPE = YES_ERROR;
				GCC_WARN_UNDECLARED_SELECTOR = YES;
				GCC_WARN_UNINITIALIZED_AUTOS = YES_AGGRESSIVE;
				GCC_WARN_UNUSED_FUNCTION = YES;
				GCC_WARN_UNUSED_VARIABLE = YES;
				IPHONEOS_DEPLOYMENT_TARGET = 9.3;
				MTL_ENABLE_DEBUG_INFO = YES;
				ONLY_ACTIVE_ARCH = YES;
				SDKROOT = iphoneos;
			};
			name = Debug;
		};
		3752AD241CCA7108005BAEC0 /* Release */ = {
			isa = XCBuildConfiguration;
			buildSettings = {
				ALWAYS_SEARCH_USER_PATHS = NO;
				CLANG_ANALYZER_NONNULL = YES;
				CLANG_CXX_LANGUAGE_STANDARD = "gnu++0x";
				CLANG_CXX_LIBRARY = "libc++";
				CLANG_ENABLE_MODULES = YES;
				CLANG_ENABLE_OBJC_ARC = YES;
				CLANG_WARN_BOOL_CONVERSION = YES;
				CLANG_WARN_CONSTANT_CONVERSION = YES;
				CLANG_WARN_DIRECT_OBJC_ISA_USAGE = YES_ERROR;
				CLANG_WARN_EMPTY_BODY = YES;
				CLANG_WARN_ENUM_CONVERSION = YES;
				CLANG_WARN_INT_CONVERSION = YES;
				CLANG_WARN_OBJC_ROOT_CLASS = YES_ERROR;
				CLANG_WARN_UNREACHABLE_CODE = YES;
				CLANG_WARN__DUPLICATE_METHOD_MATCH = YES;
				"CODE_SIGN_IDENTITY[sdk=iphoneos*]" = "iPhone Developer";
				COPY_PHASE_STRIP = NO;
				DEBUG_INFORMATION_FORMAT = "dwarf-with-dsym";
				ENABLE_NS_ASSERTIONS = NO;
				ENABLE_STRICT_OBJC_MSGSEND = YES;
				GCC_C_LANGUAGE_STANDARD = gnu99;
				GCC_NO_COMMON_BLOCKS = YES;
				GCC_WARN_64_TO_32_BIT_CONVERSION = YES;
				GCC_WARN_ABOUT_RETURN_TYPE = YES_ERROR;
				GCC_WARN_UNDECLARED_SELECTOR = YES;
				GCC_WARN_UNINITIALIZED_AUTOS = YES_AGGRESSIVE;
				GCC_WARN_UNUSED_FUNCTION = YES;
				GCC_WARN_UNUSED_VARIABLE = YES;
				IPHONEOS_DEPLOYMENT_TARGET = 9.3;
				MTL_ENABLE_DEBUG_INFO = NO;
				SDKROOT = iphoneos;
				VALIDATE_PRODUCT = YES;
			};
			name = Release;
		};
		3752AD261CCA7108005BAEC0 /* Debug */ = {
			isa = XCBuildConfiguration;
			buildSettings = {
				ASSETCATALOG_COMPILER_APPICON_NAME = AppIcon;
				INFOPLIST_FILE = EasyEnglish/Info.plist;
				LD_RUNPATH_SEARCH_PATHS = "$(inherited) @executable_path/Frameworks";
				PRODUCT_BUNDLE_IDENTIFIER = "Obukhiv-code-academy.EasyEnglish";
				PRODUCT_NAME = "$(TARGET_NAME)";
			};
			name = Debug;
		};
		3752AD271CCA7108005BAEC0 /* Release */ = {
			isa = XCBuildConfiguration;
			buildSettings = {
				ASSETCATALOG_COMPILER_APPICON_NAME = AppIcon;
				INFOPLIST_FILE = EasyEnglish/Info.plist;
				LD_RUNPATH_SEARCH_PATHS = "$(inherited) @executable_path/Frameworks";
				PRODUCT_BUNDLE_IDENTIFIER = "Obukhiv-code-academy.EasyEnglish";
				PRODUCT_NAME = "$(TARGET_NAME)";
			};
			name = Release;
		};
/* End XCBuildConfiguration section */

/* Begin XCConfigurationList section */
		3752AD091CCA7108005BAEC0 /* Build configuration list for PBXProject "EasyEnglish" */ = {
			isa = XCConfigurationList;
			buildConfigurations = (
				3752AD231CCA7108005BAEC0 /* Debug */,
				3752AD241CCA7108005BAEC0 /* Release */,
			);
			defaultConfigurationIsVisible = 0;
			defaultConfigurationName = Release;
		};
		3752AD251CCA7108005BAEC0 /* Build configuration list for PBXNativeTarget "EasyEnglish" */ = {
			isa = XCConfigurationList;
			buildConfigurations = (
				3752AD261CCA7108005BAEC0 /* Debug */,
				3752AD271CCA7108005BAEC0 /* Release */,
			);
			defaultConfigurationIsVisible = 0;
		};
/* End XCConfigurationList section */
	};
	rootObject = 3752AD061CCA7108005BAEC0 /* Project object */;
}
